
Microsoft Visual Studio Solution File, Format Version 12.00
# Visual Studio Version 16
VisualStudioVersion = 16.0.30114.105
MinimumVisualStudioVersion = 10.0.40219.1
Project("{2150E333-8FDC-42A3-9474-1A3956D46DE8}") = "test", "test", "{DFEC5DB9-EB39-4EF0-9026-776F971CA42F}"
EndProject
Project("{2150E333-8FDC-42A3-9474-1A3956D46DE8}") = "src", "src", "{20A589F0-6340-4E9F-841B-2EE68CECA783}"
EndProject
Project("{9A19103F-16F7-4668-BE54-9A1E7A4F7556}") = "LazyMan.ModularLoader", "src\LazyMan.ModularLoader\LazyMan.ModularLoader.csproj", "{A0AD7DD7-2ABF-4B2A-8943-618D903E6E30}"
EndProject
Project("{2150E333-8FDC-42A3-9474-1A3956D46DE8}") = "Solution Items", "Solution Items", "{8BF05F94-0D0F-4B7F-BBB3-DF0D249D6B74}"
	ProjectSection(SolutionItems) = preProject
		.editorconfig = .editorconfig
		.gitignore = .gitignore
		ReadMe.md = ReadMe.md
	EndProjectSection
EndProject
Project("{9A19103F-16F7-4668-BE54-9A1E7A4F7556}") = "LazyMan.ModularLoader.AspNetCore", "src\LazyMan.ModularLoader.AspNetCore\LazyMan.ModularLoader.AspNetCore.csproj", "{CD76FCC6-1A19-47EB-BE88-0173A13702E6}"
EndProject
Project("{2150E333-8FDC-42A3-9474-1A3956D46DE8}") = "SubAppTest", "SubAppTest", "{1A581468-9569-4DD5-B329-488811BCD222}"
EndProject
Project("{9A19103F-16F7-4668-BE54-9A1E7A4F7556}") = "HostApp", "test\SubAppTest\HostApp\HostApp.csproj", "{797A46BF-CA73-4C64-8F88-A251AE23D33E}"
EndProject
Project("{9A19103F-16F7-4668-BE54-9A1E7A4F7556}") = "ModuleApp1", "test\SubAppTest\ModuleApp1\ModuleApp1.csproj", "{26A94425-FC91-4551-95FF-E2805D049D1E}"
EndProject
Project("{2150E333-8FDC-42A3-9474-1A3956D46DE8}") = "CoreTest", "CoreTest", "{FCAAB973-768B-4452-BA92-EE6030C312C8}"
EndProject
Project("{9A19103F-16F7-4668-BE54-9A1E7A4F7556}") = "LoaderRunner", "test\CoreTest\LoaderRunner\LoaderRunner.csproj", "{86F52788-DAEA-40CF-8DEF-E9E755192265}"
EndProject
Project("{9A19103F-16F7-4668-BE54-9A1E7A4F7556}") = "ModuleShared", "test\CoreTest\ModuleShared\ModuleShared.csproj", "{CA348674-20EF-4B0F-8AB1-98AC547F3622}"
EndProject
Project("{9A19103F-16F7-4668-BE54-9A1E7A4F7556}") = "Module1", "test\CoreTest\Module1\Module1.csproj", "{67FFCDA5-50E2-4D48-BD4C-E3A40295D724}"
EndProject
Project("{9A19103F-16F7-4668-BE54-9A1E7A4F7556}") = "Module2", "test\CoreTest\Module2\Module2.csproj", "{D7A831D2-BFE3-4514-80DB-7094C047A192}"
EndProject
Global
	GlobalSection(SolutionConfigurationPlatforms) = preSolution
		Debug|Any CPU = Debug|Any CPU
		Release|Any CPU = Release|Any CPU
	EndGlobalSection
	GlobalSection(ProjectConfigurationPlatforms) = postSolution
		{A0AD7DD7-2ABF-4B2A-8943-618D903E6E30}.Debug|Any CPU.ActiveCfg = Debug|Any CPU
		{A0AD7DD7-2ABF-4B2A-8943-618D903E6E30}.Debug|Any CPU.Build.0 = Debug|Any CPU
		{A0AD7DD7-2ABF-4B2A-8943-618D903E6E30}.Release|Any CPU.ActiveCfg = Release|Any CPU
		{A0AD7DD7-2ABF-4B2A-8943-618D903E6E30}.Release|Any CPU.Build.0 = Release|Any CPU
		{CD76FCC6-1A19-47EB-BE88-0173A13702E6}.Debug|Any CPU.ActiveCfg = Debug|Any CPU
		{CD76FCC6-1A19-47EB-BE88-0173A13702E6}.Debug|Any CPU.Build.0 = Debug|Any CPU
		{CD76FCC6-1A19-47EB-BE88-0173A13702E6}.Release|Any CPU.ActiveCfg = Release|Any CPU
		{CD76FCC6-1A19-47EB-BE88-0173A13702E6}.Release|Any CPU.Build.0 = Release|Any CPU
		{797A46BF-CA73-4C64-8F88-A251AE23D33E}.Debug|Any CPU.ActiveCfg = Debug|Any CPU
		{797A46BF-CA73-4C64-8F88-A251AE23D33E}.Debug|Any CPU.Build.0 = Debug|Any CPU
		{797A46BF-CA73-4C64-8F88-A251AE23D33E}.Release|Any CPU.ActiveCfg = Release|Any CPU
		{797A46BF-CA73-4C64-8F88-A251AE23D33E}.Release|Any CPU.Build.0 = Release|Any CPU
		{26A94425-FC91-4551-95FF-E2805D049D1E}.Debug|Any CPU.ActiveCfg = Debug|Any CPU
		{26A94425-FC91-4551-95FF-E2805D049D1E}.Debug|Any CPU.Build.0 = Debug|Any CPU
		{26A94425-FC91-4551-95FF-E2805D049D1E}.Release|Any CPU.ActiveCfg = Release|Any CPU
		{26A94425-FC91-4551-95FF-E2805D049D1E}.Release|Any CPU.Build.0 = Release|Any CPU
		{86F52788-DAEA-40CF-8DEF-E9E755192265}.Debug|Any CPU.ActiveCfg = Debug|Any CPU
		{86F52788-DAEA-40CF-8DEF-E9E755192265}.Debug|Any CPU.Build.0 = Debug|Any CPU
		{86F52788-DAEA-40CF-8DEF-E9E755192265}.Release|Any CPU.ActiveCfg = Release|Any CPU
		{86F52788-DAEA-40CF-8DEF-E9E755192265}.Release|Any CPU.Build.0 = Release|Any CPU
		{CA348674-20EF-4B0F-8AB1-98AC547F3622}.Debug|Any CPU.ActiveCfg = Debug|Any CPU
		{CA348674-20EF-4B0F-8AB1-98AC547F3622}.Debug|Any CPU.Build.0 = Debug|Any CPU
		{CA348674-20EF-4B0F-8AB1-98AC547F3622}.Release|Any CPU.ActiveCfg = Release|Any CPU
		{CA348674-20EF-4B0F-8AB1-98AC547F3622}.Release|Any CPU.Build.0 = Release|Any CPU
		{67FFCDA5-50E2-4D48-BD4C-E3A40295D724}.Debug|Any CPU.ActiveCfg = Debug|Any CPU
		{67FFCDA5-50E2-4D48-BD4C-E3A40295D724}.Debug|Any CPU.Build.0 = Debug|Any CPU
		{67FFCDA5-50E2-4D48-BD4C-E3A40295D724}.Release|Any CPU.ActiveCfg = Release|Any CPU
		{67FFCDA5-50E2-4D48-BD4C-E3A40295D724}.Release|Any CPU.Build.0 = Release|Any CPU
		{D7A831D2-BFE3-4514-80DB-7094C047A192}.Debug|Any CPU.ActiveCfg = Debug|Any CPU
		{D7A831D2-BFE3-4514-80DB-7094C047A192}.Debug|Any CPU.Build.0 = Debug|Any CPU
		{D7A831D2-BFE3-4514-80DB-7094C047A192}.Release|Any CPU.ActiveCfg = Release|Any CPU
		{D7A831D2-BFE3-4514-80DB-7094C047A192}.Release|Any CPU.Build.0 = Release|Any CPU
	EndGlobalSection
	GlobalSection(SolutionProperties) = preSolution
		HideSolutionNode = FALSE
	EndGlobalSection
	GlobalSection(NestedProjects) = preSolution
		{A0AD7DD7-2ABF-4B2A-8943-618D903E6E30} = {20A589F0-6340-4E9F-841B-2EE68CECA783}
		{CD76FCC6-1A19-47EB-BE88-0173A13702E6} = {20A589F0-6340-4E9F-841B-2EE68CECA783}
		{1A581468-9569-4DD5-B329-488811BCD222} = {DFEC5DB9-EB39-4EF0-9026-776F971CA42F}
		{797A46BF-CA73-4C64-8F88-A251AE23D33E} = {1A581468-9569-4DD5-B329-488811BCD222}
		{26A94425-FC91-4551-95FF-E2805D049D1E} = {1A581468-9569-4DD5-B329-488811BCD222}
		{FCAAB973-768B-4452-BA92-EE6030C312C8} = {DFEC5DB9-EB39-4EF0-9026-776F971CA42F}
		{86F52788-DAEA-40CF-8DEF-E9E755192265} = {FCAAB973-768B-4452-BA92-EE6030C312C8}
		{CA348674-20EF-4B0F-8AB1-98AC547F3622} = {FCAAB973-768B-4452-BA92-EE6030C312C8}
		{67FFCDA5-50E2-4D48-BD4C-E3A40295D724} = {FCAAB973-768B-4452-BA92-EE6030C312C8}
		{D7A831D2-BFE3-4514-80DB-7094C047A192} = {FCAAB973-768B-4452-BA92-EE6030C312C8}
	EndGlobalSection
	GlobalSection(ExtensibilityGlobals) = postSolution
		SolutionGuid = {13FFDB02-8208-4D61-B7C3-0BFA0D53BB8B}
	EndGlobalSection
EndGlobal
